
Microsoft Visual Studio Solution File, Format Version 11.00
# Visual C++ Express 2010
Project("{8BC9CEB8-8B4A-11D0-8D11-00A0C91BC942}") = "lu1", "lu1\lu1.vcxproj", "{CC15F2A0-BA7B-4917-A235-B10A7B151ED9}"
EndProject
Global
	GlobalSection(SolutionConfigurationPlatforms) = preSolution
		Debug|Win32 = Debug|Win32
		Release|Win32 = Release|Win32
	EndGlobalSection
	GlobalSection(ProjectConfigurationPlatforms) = postSolution
		{CC15F2A0-BA7B-4917-A235-B10A7B151ED9}.Debug|Win32.ActiveCfg = Debug|Win32
		{CC15F2A0-BA7B-4917-A235-B10A7B151ED9}.Debug|Win32.Build.0 = Debug|Win32
		{CC15F2A0-BA7B-4917-A235-B10A7B151ED9}.Release|Win32.ActiveCfg = Release|Win32
		{CC15F2A0-BA7B-4917-A235-B10A7B151ED9}.Release|Win32.Build.0 = Release|Win32
	EndGlobalSection
	GlobalSection(SolutionProperties) = preSolution
		HideSolutionNode = FALSE
	EndGlobalSection
EndGlobal
