
Microsoft Visual Studio Solution File, Format Version 11.00
# Visual C++ Express 2010
Project("{8BC9CEB8-8B4A-11D0-8D11-00A0C91BC942}") = "lll", "lll\lll.vcxproj", "{02C6208D-296F-495A-A80C-B96F622D8EBB}"
EndProject
Global
	GlobalSection(SolutionConfigurationPlatforms) = preSolution
		Debug|Win32 = Debug|Win32
		Release|Win32 = Release|Win32
	EndGlobalSection
	GlobalSection(ProjectConfigurationPlatforms) = postSolution
		{02C6208D-296F-495A-A80C-B96F622D8EBB}.Debug|Win32.ActiveCfg = Debug|Win32
		{02C6208D-296F-495A-A80C-B96F622D8EBB}.Debug|Win32.Build.0 = Debug|Win32
		{02C6208D-296F-495A-A80C-B96F622D8EBB}.Release|Win32.ActiveCfg = Release|Win32
		{02C6208D-296F-495A-A80C-B96F622D8EBB}.Release|Win32.Build.0 = Release|Win32
	EndGlobalSection
	GlobalSection(SolutionProperties) = preSolution
		HideSolutionNode = FALSE
	EndGlobalSection
EndGlobal
