
Microsoft Visual Studio Solution File, Format Version 11.00
# Visual C++ Express 2010
Project("{8BC9CEB8-8B4A-11D0-8D11-00A0C91BC942}") = "luj", "luj\luj.vcxproj", "{07D505BA-2CB6-4ED1-A992-09DCED90DA02}"
EndProject
Global
	GlobalSection(SolutionConfigurationPlatforms) = preSolution
		Debug|Win32 = Debug|Win32
		Release|Win32 = Release|Win32
	EndGlobalSection
	GlobalSection(ProjectConfigurationPlatforms) = postSolution
		{07D505BA-2CB6-4ED1-A992-09DCED90DA02}.Debug|Win32.ActiveCfg = Debug|Win32
		{07D505BA-2CB6-4ED1-A992-09DCED90DA02}.Debug|Win32.Build.0 = Debug|Win32
		{07D505BA-2CB6-4ED1-A992-09DCED90DA02}.Release|Win32.ActiveCfg = Release|Win32
		{07D505BA-2CB6-4ED1-A992-09DCED90DA02}.Release|Win32.Build.0 = Release|Win32
	EndGlobalSection
	GlobalSection(SolutionProperties) = preSolution
		HideSolutionNode = FALSE
	EndGlobalSection
EndGlobal
