
Microsoft Visual Studio Solution File, Format Version 11.00
# Visual C# Express 2010
Project("{FAE04EC0-301F-11D3-BF4B-00C04F79EFBC}") = "SocketServer", "SocketServer\SocketServer.csproj", "{1E593B03-FE24-4E82-96AE-4D106431FCAB}"
EndProject
Global
	GlobalSection(SolutionConfigurationPlatforms) = preSolution
		Debug|x86 = Debug|x86
		Release|x86 = Release|x86
	EndGlobalSection
	GlobalSection(ProjectConfigurationPlatforms) = postSolution
		{1E593B03-FE24-4E82-96AE-4D106431FCAB}.Debug|x86.ActiveCfg = Debug|x86
		{1E593B03-FE24-4E82-96AE-4D106431FCAB}.Debug|x86.Build.0 = Debug|x86
		{1E593B03-FE24-4E82-96AE-4D106431FCAB}.Release|x86.ActiveCfg = Release|x86
		{1E593B03-FE24-4E82-96AE-4D106431FCAB}.Release|x86.Build.0 = Release|x86
	EndGlobalSection
	GlobalSection(SolutionProperties) = preSolution
		HideSolutionNode = FALSE
	EndGlobalSection
EndGlobal
